<?xml version="1.0" encoding="utf-8"?>
<Project ToolsVersion="4.0" xmlns="http://schemas.microsoft.com/developer/msbuild/2003">
  <ItemGroup>
    <Filter Include="Source Files">
      <UniqueIdentifier>{4FC737F1-C7A5-4376-A066-2A32D752A2FF}</UniqueIdentifier>
      <Extensions>cpp;c;cxx;def;odl;idl;hpj;bat;asm;asmx</Extensions>
    </Filter>
    <Filter Include="Header Files">
      <UniqueIdentifier>{93995380-89BD-4b04-88EB-625FBE52EBFB}</UniqueIdentifier>
      <Extensions>h;hpp;hxx;hm;inl;inc;xsd</Extensions>
    </Filter>
    <Filter Include="Resource Files">
      <UniqueIdentifier>{67DA6AB6-F800-4c08-8B7A-83BB121AAD01}</UniqueIdentifier>
      <Extensions>rc;ico;cur;bmp;dlg;rc2;rct;bin;rgs;gif;jpg;jpeg;jpe;resx</Extensions>
    </Filter>
  </ItemGroup>
  <ItemGroup>
    <ClCompile Include="ConvertData.cpp">
      <Filter>Source Files</Filter>
    </ClCompile>
    <ClCompile Include="CustomDictionaryFix.cpp">
      <Filter>Source Files</Filter>
    </ClCompile>
    <ClCompile Include="dbconn.cpp">
      <Filter>Source Files</Filter>
    </ClCompile>
    <ClCompile Include="EncryptAgentsPassword.cpp">
      <Filter>Source Files</Filter>
    </ClCompile>
    <ClCompile Include="EncryptMessageDestPasswords.cpp">
      <Filter>Source Files</Filter>
    </ClCompile>
    <ClCompile Include="EncryptMessageSrcPasswords.cpp">
      <Filter>Source Files</Filter>
    </ClCompile>
    <ClCompile Include="ExportXML.cpp">
      <Filter>Source Files</Filter>
    </ClCompile>
    <ClCompile Include="FullText.cpp">
      <Filter>Source Files</Filter>
    </ClCompile>
    <ClCompile Include="Install.cpp">
      <Filter>Source Files</Filter>
    </ClCompile>
    <ClCompile Include="main.cpp">
      <Filter>Source Files</Filter>
    </ClCompile>
    <ClCompile Include="prehead.cpp">
      <Filter>Source Files</Filter>
    </ClCompile>
    <ClCompile Include="QuarantinPage.cpp">
      <Filter>Source Files</Filter>
    </ClCompile>
    <ClCompile Include="regkey.cpp">
      <Filter>Source Files</Filter>
    </ClCompile>
    <ClCompile Include="regvalue.cpp">
      <Filter>Source Files</Filter>
    </ClCompile>
    <ClCompile Include="RestoreTicket.cpp">
      <Filter>Source Files</Filter>
    </ClCompile>
    <ClCompile Include="SearchArchive.cpp">
      <Filter>Source Files</Filter>
    </ClCompile>
    <ClCompile Include="TickeNoteGen.cpp">
      <Filter>Source Files</Filter>
    </ClCompile>
    <ClCompile Include="TicketBoxAlg.cpp">
      <Filter>Source Files</Filter>
    </ClCompile>
    <ClCompile Include="v2007.cpp">
      <Filter>Source Files</Filter>
    </ClCompile>
    <ClCompile Include="V3000.cpp">
      <Filter>Source Files</Filter>
    </ClCompile>
    <ClCompile Include="v3001.cpp">
      <Filter>Source Files</Filter>
    </ClCompile>
    <ClCompile Include="v3002.cpp">
      <Filter>Source Files</Filter>
    </ClCompile>
    <ClCompile Include="v3100.cpp">
      <Filter>Source Files</Filter>
    </ClCompile>
    <ClCompile Include="v3500.cpp">
      <Filter>Source Files</Filter>
    </ClCompile>
    <ClCompile Include="v3600.cpp">
      <Filter>Source Files</Filter>
    </ClCompile>
    <ClCompile Include="V3610.cpp">
      <Filter>Source Files</Filter>
    </ClCompile>
    <ClCompile Include="v3611.cpp">
      <Filter>Source Files</Filter>
    </ClCompile>
    <ClCompile Include="v3800.cpp">
      <Filter>Source Files</Filter>
    </ClCompile>
    <ClCompile Include="v4000.cpp">
      <Filter>Source Files</Filter>
    </ClCompile>
    <ClCompile Include="v4500.cpp">
      <Filter>Source Files</Filter>
    </ClCompile>
    <ClCompile Include="v4800.cpp">
      <Filter>Source Files</Filter>
    </ClCompile>
    <ClCompile Include="v4810.cpp">
      <Filter>Source Files</Filter>
    </ClCompile>
    <ClCompile Include="v4900.cpp">
      <Filter>Source Files</Filter>
    </ClCompile>
    <ClCompile Include="v4910.cpp">
      <Filter>Source Files</Filter>
    </ClCompile>
    <ClCompile Include="v4912.cpp">
      <Filter>Source Files</Filter>
    </ClCompile>
    <ClCompile Include="v4914.cpp">
      <Filter>Source Files</Filter>
    </ClCompile>
    <ClCompile Include="v4920.cpp">
      <Filter>Source Files</Filter>
    </ClCompile>
    <ClCompile Include="v4921.cpp">
      <Filter>Source Files</Filter>
    </ClCompile>
    <ClCompile Include="v4922.cpp">
      <Filter>Source Files</Filter>
    </ClCompile>
    <ClCompile Include="v5000.cpp">
      <Filter>Source Files</Filter>
    </ClCompile>
    <ClCompile Include="v5030.cpp">
      <Filter>Source Files</Filter>
    </ClCompile>
    <ClCompile Include="v5100.cpp">
      <Filter>Source Files</Filter>
    </ClCompile>
    <ClCompile Include="v6000.cpp">
      <Filter>Source Files</Filter>
    </ClCompile>
    <ClCompile Include="v6001.cpp">
      <Filter>Source Files</Filter>
    </ClCompile>
    <ClCompile Include="v6100.cpp">
      <Filter>Source Files</Filter>
    </ClCompile>
    <ClCompile Include="v6102.cpp">
      <Filter>Source Files</Filter>
    </ClCompile>
    <ClCompile Include="v6500.cpp">
      <Filter>Source Files</Filter>
    </ClCompile>
    <ClCompile Include="v6501.cpp">
      <Filter>Source Files</Filter>
    </ClCompile>
    <ClCompile Include="v6504.cpp">
      <Filter>Source Files</Filter>
    </ClCompile>
    <ClCompile Include="v6505.cpp">
      <Filter>Source Files</Filter>
    </ClCompile>
    <ClCompile Include="v6601.cpp">
      <Filter>Source Files</Filter>
    </ClCompile>
    <ClCompile Include="v6603.cpp">
      <Filter>Source Files</Filter>
    </ClCompile>
    <ClCompile Include="v6610.cpp">
      <Filter>Source Files</Filter>
    </ClCompile>
    <ClCompile Include="v6900.cpp">
      <Filter>Source Files</Filter>
    </ClCompile>
    <ClCompile Include="v6910.cpp">
      <Filter>Source Files</Filter>
    </ClCompile>
    <ClCompile Include="v6920.cpp">
      <Filter>Source Files</Filter>
    </ClCompile>
    <ClCompile Include="v6930.cpp">
      <Filter>Source Files</Filter>
    </ClCompile>
    <ClCompile Include="VThreeBuildFour.cpp">
      <Filter>Source Files</Filter>
    </ClCompile>
    <ClCompile Include="VTwoBuildThree.cpp">
      <Filter>Source Files</Filter>
    </ClCompile>
    <ClCompile Include="v6950.cpp">
      <Filter>Source Files</Filter>
    </ClCompile>
  </ItemGroup>
  <ItemGroup>
    <ClInclude Include="dbconn.h">
      <Filter>Header Files</Filter>
    </ClInclude>
    <ClInclude Include="main.h">
      <Filter>Header Files</Filter>
    </ClInclude>
    <ClInclude Include="prehead.h">
      <Filter>Header Files</Filter>
    </ClInclude>
    <ClInclude Include="RegKey.h">
      <Filter>Header Files</Filter>
    </ClInclude>
    <ClInclude Include="RegValue.h">
      <Filter>Header Files</Filter>
    </ClInclude>
    <ClInclude Include="resource.h">
      <Filter>Header Files</Filter>
    </ClInclude>
    <ClInclude Include="resstring.h">
      <Filter>Header Files</Filter>
    </ClInclude>
  </ItemGroup>
  <ItemGroup>
    <ResourceCompile Include="main.rc">
      <Filter>Resource Files</Filter>
    </ResourceCompile>
  </ItemGroup>
</Project>