<?xml version="1.0" encoding="utf-8"?>
<Project ToolsVersion="4.0" xmlns="http://schemas.microsoft.com/developer/msbuild/2003">
  <ItemGroup>
    <Filter Include="Source Files">
      <UniqueIdentifier>{4FC737F1-C7A5-4376-A066-2A32D752A2FF}</UniqueIdentifier>
      <Extensions>cpp;c;cxx;def;odl;idl;hpj;bat;asm;asmx</Extensions>
    </Filter>
    <Filter Include="Header Files">
      <UniqueIdentifier>{93995380-89BD-4b04-88EB-625FBE52EBFB}</UniqueIdentifier>
      <Extensions>h;hpp;hxx;hm;inl;inc;xsd</Extensions>
    </Filter>
    <Filter Include="Resource Files">
      <UniqueIdentifier>{67DA6AB6-F800-4c08-8B7A-83BB121AAD01}</UniqueIdentifier>
      <Extensions>rc;ico;cur;bmp;dlg;rc2;rct;bin;rgs;gif;jpg;jpeg;jpe;resx</Extensions>
    </Filter>
  </ItemGroup>
  <ItemGroup>
    <ClCompile Include="Attachment.cpp">
      <Filter>Source Files</Filter>
    </ClCompile>
    <ClCompile Include="AttachmentList.cpp">
      <Filter>Source Files</Filter>
    </ClCompile>
    <ClCompile Include="base64\Base64Decoder.c">
      <Filter>Source Files</Filter>
    </ClCompile>
    <ClCompile Include="base64\Base64DecoderW.c">
      <Filter>Source Files</Filter>
    </ClCompile>
    <ClCompile Include="base64\Base64Encoder.c">
      <Filter>Source Files</Filter>
    </ClCompile>
    <ClCompile Include="base64\Base64EncoderW.c">
      <Filter>Source Files</Filter>
    </ClCompile>
    <ClCompile Include="EmailAddress.cpp">
      <Filter>Source Files</Filter>
    </ClCompile>
    <ClCompile Include="EmailAddressList.cpp">
      <Filter>Source Files</Filter>
    </ClCompile>
    <ClCompile Include="EmailDate.cpp">
      <Filter>Source Files</Filter>
    </ClCompile>
    <ClCompile Include="EmailText.cpp">
      <Filter>Source Files</Filter>
    </ClCompile>
    <ClCompile Include="FileEncoder.cpp">
      <Filter>Source Files</Filter>
    </ClCompile>
    <ClCompile Include="InboundMessage.cpp">
      <Filter>Source Files</Filter>
    </ClCompile>
    <ClCompile Include="KAVMsgScanner.cpp">
      <Filter>Source Files</Filter>
    </ClCompile>
    <ClCompile Include="MailComponents.cpp">
      <Filter>Source Files</Filter>
    </ClCompile>
    <ClCompile Include="md5c.c">
      <Filter>Source Files</Filter>
    </ClCompile>
    <ClCompile Include="md5class.cpp">
      <Filter>Source Files</Filter>
    </ClCompile>
    <ClCompile Include="MemMappedFile.cpp">
      <Filter>Source Files</Filter>
    </ClCompile>
    <ClCompile Include="Message.cpp">
      <Filter>Source Files</Filter>
    </ClCompile>
    <ClCompile Include="OutboundMessage.cpp">
      <Filter>Source Files</Filter>
    </ClCompile>
    <ClCompile Include="POP3Connection.cpp">
      <Filter>Source Files</Filter>
    </ClCompile>
    <ClCompile Include="PopAccount.cpp">
      <Filter>Source Files</Filter>
    </ClCompile>
    <ClCompile Include="PopPollThread.cpp">
      <Filter>Source Files</Filter>
    </ClCompile>
    <ClCompile Include="qp\QpDecoder.c">
      <Filter>Source Files</Filter>
    </ClCompile>
    <ClCompile Include="qp\QpDecoderW.c">
      <Filter>Source Files</Filter>
    </ClCompile>
    <ClCompile Include="qp\QpEncoder.c">
      <Filter>Source Files</Filter>
    </ClCompile>
    <ClCompile Include="Registration.cpp">
      <Filter>Source Files</Filter>
    </ClCompile>
    <ClCompile Include="RetrievalSession.cpp">
      <Filter>Source Files</Filter>
    </ClCompile>
    <ClCompile Include="ServerParameters.cpp">
      <Filter>Source Files</Filter>
    </ClCompile>
    <ClCompile Include="SMTPConnection.cpp">
      <Filter>Source Files</Filter>
    </ClCompile>
    <ClCompile Include="SMTPDest.cpp">
      <Filter>Source Files</Filter>
    </ClCompile>
    <ClCompile Include="SMTPPollThread.cpp">
      <Filter>Source Files</Filter>
    </ClCompile>
    <ClCompile Include="SMTPSession.cpp">
      <Filter>Source Files</Filter>
    </ClCompile>
    <ClCompile Include="SocketCore.cpp">
      <Filter>Source Files</Filter>
    </ClCompile>
    <ClCompile Include="SocketLine.cpp">
      <Filter>Source Files</Filter>
    </ClCompile>
    <ClCompile Include="SockUtil.cpp">
      <Filter>Source Files</Filter>
    </ClCompile>
    <ClCompile Include="SourceFileStringRep.cpp">
      <Filter>Source Files</Filter>
    </ClCompile>
    <ClCompile Include="StdAfx.cpp">
      <Filter>Source Files</Filter>
    </ClCompile>
    <ClCompile Include="TempFile.cpp">
      <Filter>Source Files</Filter>
    </ClCompile>
    <ClCompile Include="Utility.cpp">
      <Filter>Source Files</Filter>
    </ClCompile>
    <ClCompile Include="VirusScanner.cpp">
      <Filter>Source Files</Filter>
    </ClCompile>
  </ItemGroup>
  <ItemGroup>
    <ClInclude Include="Attachment.h">
      <Filter>Header Files</Filter>
    </ClInclude>
    <ClInclude Include="AttachmentList.h">
      <Filter>Header Files</Filter>
    </ClInclude>
    <ClInclude Include="base64\Base64Decoder.h">
      <Filter>Header Files</Filter>
    </ClInclude>
    <ClInclude Include="base64\Base64DecoderW.h">
      <Filter>Header Files</Filter>
    </ClInclude>
    <ClInclude Include="base64\Base64Encoder.h">
      <Filter>Header Files</Filter>
    </ClInclude>
    <ClInclude Include="base64\Base64EncoderW.h">
      <Filter>Header Files</Filter>
    </ClInclude>
    <ClInclude Include="base64\ByteBuffer.h">
      <Filter>Header Files</Filter>
    </ClInclude>
    <ClInclude Include="qp\ByteBuffer.h">
      <Filter>Header Files</Filter>
    </ClInclude>
    <ClInclude Include="qp\CharBuffer.h">
      <Filter>Header Files</Filter>
    </ClInclude>
    <ClInclude Include="base64\CharBuffer.h">
      <Filter>Header Files</Filter>
    </ClInclude>
    <ClInclude Include="qp\CharBufferW.h">
      <Filter>Header Files</Filter>
    </ClInclude>
    <ClInclude Include="base64\CharBufferW.h">
      <Filter>Header Files</Filter>
    </ClInclude>
    <ClInclude Include="decode_2047.h">
      <Filter>Header Files</Filter>
    </ClInclude>
    <ClInclude Include="EmailAddress.h">
      <Filter>Header Files</Filter>
    </ClInclude>
    <ClInclude Include="EmailAddressList.h">
      <Filter>Header Files</Filter>
    </ClInclude>
    <ClInclude Include="EmailDate.h">
      <Filter>Header Files</Filter>
    </ClInclude>
    <ClInclude Include="EmailText.h">
      <Filter>Header Files</Filter>
    </ClInclude>
    <ClInclude Include="errorcodes.h">
      <Filter>Header Files</Filter>
    </ClInclude>
    <ClInclude Include="FileEncoder.h">
      <Filter>Header Files</Filter>
    </ClInclude>
    <ClInclude Include="gendefs.h">
      <Filter>Header Files</Filter>
    </ClInclude>
    <ClInclude Include="global.h">
      <Filter>Header Files</Filter>
    </ClInclude>
    <ClInclude Include="InboundMessage.h">
      <Filter>Header Files</Filter>
    </ClInclude>
    <ClInclude Include="KAVMsgScanner.h">
      <Filter>Header Files</Filter>
    </ClInclude>
    <ClInclude Include="MailComponents.h">
      <Filter>Header Files</Filter>
    </ClInclude>
    <ClInclude Include="MD5.h">
      <Filter>Header Files</Filter>
    </ClInclude>
    <ClInclude Include="md5class.h">
      <Filter>Header Files</Filter>
    </ClInclude>
    <ClInclude Include="MemMappedFile.h">
      <Filter>Header Files</Filter>
    </ClInclude>
    <ClInclude Include="Message.h">
      <Filter>Header Files</Filter>
    </ClInclude>
    <ClInclude Include="OutboundMessage.h">
      <Filter>Header Files</Filter>
    </ClInclude>
    <ClInclude Include="POP3Connection.h">
      <Filter>Header Files</Filter>
    </ClInclude>
    <ClInclude Include="PopAccount.h">
      <Filter>Header Files</Filter>
    </ClInclude>
    <ClInclude Include="PopPollThread.h">
      <Filter>Header Files</Filter>
    </ClInclude>
    <ClInclude Include="qp\QpDecoder.h">
      <Filter>Header Files</Filter>
    </ClInclude>
    <ClInclude Include="qp\QpDecoderW.h">
      <Filter>Header Files</Filter>
    </ClInclude>
    <ClInclude Include="qp\QpEncoder.h">
      <Filter>Header Files</Filter>
    </ClInclude>
    <ClInclude Include="qp\QpEncoderW.h">
      <Filter>Header Files</Filter>
    </ClInclude>
    <ClInclude Include="Registration.h">
      <Filter>Header Files</Filter>
    </ClInclude>
    <ClInclude Include="resource.h">
      <Filter>Header Files</Filter>
    </ClInclude>
    <ClInclude Include="RetrievalSession.h">
      <Filter>Header Files</Filter>
    </ClInclude>
    <ClInclude Include="ServerParameters.h">
      <Filter>Header Files</Filter>
    </ClInclude>
    <ClInclude Include="SMTPConnection.h">
      <Filter>Header Files</Filter>
    </ClInclude>
    <ClInclude Include="SMTPDest.h">
      <Filter>Header Files</Filter>
    </ClInclude>
    <ClInclude Include="SMTPPollThread.h">
      <Filter>Header Files</Filter>
    </ClInclude>
    <ClInclude Include="SMTPSession.h">
      <Filter>Header Files</Filter>
    </ClInclude>
    <ClInclude Include="SocketCore.h">
      <Filter>Header Files</Filter>
    </ClInclude>
    <ClInclude Include="SocketLine.h">
      <Filter>Header Files</Filter>
    </ClInclude>
    <ClInclude Include="SockUtil.h">
      <Filter>Header Files</Filter>
    </ClInclude>
    <ClInclude Include="SourceFileStringRep.h">
      <Filter>Header Files</Filter>
    </ClInclude>
    <ClInclude Include="StdAfx.h">
      <Filter>Header Files</Filter>
    </ClInclude>
    <ClInclude Include="TempFile.h">
      <Filter>Header Files</Filter>
    </ClInclude>
    <ClInclude Include="Utility.h">
      <Filter>Header Files</Filter>
    </ClInclude>
    <ClInclude Include="VirusScanner.h">
      <Filter>Header Files</Filter>
    </ClInclude>
  </ItemGroup>
  <ItemGroup>
    <ResourceCompile Include="MailResources.rc">
      <Filter>Resource Files</Filter>
    </ResourceCompile>
  </ItemGroup>
</Project>