<?xml version="1.0" encoding="utf-8"?>
<Project ToolsVersion="4.0" xmlns="http://schemas.microsoft.com/developer/msbuild/2003">
  <ItemGroup>
    <Filter Include="Source Files">
      <UniqueIdentifier>{4FC737F1-C7A5-4376-A066-2A32D752A2FF}</UniqueIdentifier>
      <Extensions>cpp;c;cxx;def;odl;idl;hpj;bat;asm;asmx</Extensions>
    </Filter>
    <Filter Include="Header Files">
      <UniqueIdentifier>{93995380-89BD-4b04-88EB-625FBE52EBFB}</UniqueIdentifier>
      <Extensions>h;hpp;hxx;hm;inl;inc;xsd</Extensions>
    </Filter>
    <Filter Include="Resource Files">
      <UniqueIdentifier>{67DA6AB6-F800-4c08-8B7A-83BB121AAD01}</UniqueIdentifier>
      <Extensions>rc;ico;cur;bmp;dlg;rc2;rct;bin;rgs;gif;jpg;jpeg;jpe;resx</Extensions>
    </Filter>
  </ItemGroup>
  <ItemGroup>
    <ClCompile Include="ArchiveEntry.cpp">
      <Filter>Source Files</Filter>
    </ClCompile>
    <ClCompile Include="ArchiveFns.cpp">
      <Filter>Source Files</Filter>
    </ClCompile>
    <ClCompile Include="ArchiveTables.cpp">
      <Filter>Source Files</Filter>
    </ClCompile>
    <ClCompile Include="AttachFns.cpp">
      <Filter>Source Files</Filter>
    </ClCompile>
    <ClCompile Include="ContactFns.cpp">
      <Filter>Source Files</Filter>
    </ClCompile>
    <ClCompile Include="CriticalSection.cpp">
      <Filter>Source Files</Filter>
    </ClCompile>
    <ClCompile Include="data.cpp">
      <Filter>Source Files</Filter>
    </ClCompile>
    <ClCompile Include="DateFns.cpp">
      <Filter>Source Files</Filter>
    </ClCompile>
    <ClCompile Include="DCIKey.cpp">
      <Filter>Source Files</Filter>
    </ClCompile>
    <ClCompile Include="DebugReporter.cpp">
      <Filter>Source Files</Filter>
    </ClCompile>
    <ClCompile Include="EMSEvent.cpp">
      <Filter>Source Files</Filter>
    </ClCompile>
    <ClCompile Include="EMSException.cpp">
      <Filter>Source Files</Filter>
    </ClCompile>
    <ClCompile Include="EMSMutex.cpp">
      <Filter>Source Files</Filter>
    </ClCompile>
    <ClCompile Include="EMSString.cpp">
      <Filter>Source Files</Filter>
    </ClCompile>
    <ClCompile Include="KAVScan.cpp">
      <Filter>Source Files</Filter>
    </ClCompile>
    <ClCompile Include="KAVScanNew.cpp">
      <Filter>Source Files</Filter>
    </ClCompile>
    <ClCompile Include="LicenseMgr.cpp">
      <Filter>Source Files</Filter>
    </ClCompile>
    <ClCompile Include="LogFns.cpp">
      <Filter>Source Files</Filter>
    </ClCompile>
    <ClCompile Include="MessageIO.cpp">
      <Filter>Source Files</Filter>
    </ClCompile>
    <ClCompile Include="ODBCConn.cpp">
      <Filter>Source Files</Filter>
    </ClCompile>
    <ClCompile Include="ODBCQuery.cpp">
      <Filter>Source Files</Filter>
    </ClCompile>
    <ClCompile Include="PurgeFns.cpp">
      <Filter>Source Files</Filter>
    </ClCompile>
    <ClCompile Include="QueryClasses.cpp">
      <Filter>Source Files</Filter>
    </ClCompile>
    <ClCompile Include="RegistryFns.cpp">
      <Filter>Source Files</Filter>
    </ClCompile>
    <ClCompile Include="SecurityFns.cpp">
      <Filter>Source Files</Filter>
    </ClCompile>
    <ClCompile Include="SerialFile.cpp">
      <Filter>Source Files</Filter>
    </ClCompile>
    <ClCompile Include="Serializable.cpp">
      <Filter>Source Files</Filter>
    </ClCompile>
    <ClCompile Include="SerializeException.cpp">
      <Filter>Source Files</Filter>
    </ClCompile>
    <ClCompile Include="Serializer.cpp">
      <Filter>Source Files</Filter>
    </ClCompile>
    <ClCompile Include="SerInboundMessage.cpp">
      <Filter>Source Files</Filter>
    </ClCompile>
    <ClCompile Include="SerInboundMessageAttachment.cpp">
      <Filter>Source Files</Filter>
    </ClCompile>
    <ClCompile Include="SerOutboundMessage.cpp">
      <Filter>Source Files</Filter>
    </ClCompile>
    <ClCompile Include="SerOutboundMessageAttachment.cpp">
      <Filter>Source Files</Filter>
    </ClCompile>
    <ClCompile Include="SingleCrit.cpp">
      <Filter>Source Files</Filter>
    </ClCompile>
    <ClCompile Include="stdafx.cpp">
      <Filter>Source Files</Filter>
    </ClCompile>
    <ClCompile Include="StringFns.cpp">
      <Filter>Source Files</Filter>
    </ClCompile>
    <ClCompile Include="TicketBoxViewFns.cpp">
      <Filter>Source Files</Filter>
    </ClCompile>
    <ClCompile Include="TicketHistoryFns.cpp">
      <Filter>Source Files</Filter>
    </ClCompile>
    <ClCompile Include="Trace.cpp">
      <Filter>Source Files</Filter>
    </ClCompile>
    <ClCompile Include="WinRegistry.cpp">
      <Filter>Source Files</Filter>
    </ClCompile>
    <ClCompile Include="zipper.cpp">
      <Filter>Source Files</Filter>
    </ClCompile>
  </ItemGroup>
  <ItemGroup>
    <ClInclude Include="ArchiveEntry.h">
      <Filter>Header Files</Filter>
    </ClInclude>
    <ClInclude Include="ArchiveFns.h">
      <Filter>Header Files</Filter>
    </ClInclude>
    <ClInclude Include="ArchiveTables.h">
      <Filter>Header Files</Filter>
    </ClInclude>
    <ClInclude Include="AttachFns.h">
      <Filter>Header Files</Filter>
    </ClInclude>
    <ClInclude Include="AVPKeyStore.h">
      <Filter>Header Files</Filter>
    </ClInclude>
    <ClInclude Include="ContactFns.h">
      <Filter>Header Files</Filter>
    </ClInclude>
    <ClInclude Include="CriticalSection.h">
      <Filter>Header Files</Filter>
    </ClInclude>
    <ClInclude Include="dataclasses.h">
      <Filter>Header Files</Filter>
    </ClInclude>
    <ClInclude Include="DateFns.h">
      <Filter>Header Files</Filter>
    </ClInclude>
    <ClInclude Include="DCIKey.h">
      <Filter>Header Files</Filter>
    </ClInclude>
    <ClInclude Include="DebugReporter.h">
      <Filter>Header Files</Filter>
    </ClInclude>
    <ClInclude Include="EMSEvent.h">
      <Filter>Header Files</Filter>
    </ClInclude>
    <ClInclude Include="EMSException.h">
      <Filter>Header Files</Filter>
    </ClInclude>
    <ClInclude Include="EMSIDs.h">
      <Filter>Header Files</Filter>
    </ClInclude>
    <ClInclude Include="EMSMutex.h">
      <Filter>Header Files</Filter>
    </ClInclude>
    <ClInclude Include="EMSString.h">
      <Filter>Header Files</Filter>
    </ClInclude>
    <ClInclude Include="ErrorCodes.h">
      <Filter>Header Files</Filter>
    </ClInclude>
    <ClInclude Include="gendefs.h">
      <Filter>Header Files</Filter>
    </ClInclude>
    <ClInclude Include="KAVScan.h">
      <Filter>Header Files</Filter>
    </ClInclude>
    <ClInclude Include="KAVScanNew.h">
      <Filter>Header Files</Filter>
    </ClInclude>
    <ClInclude Include="LicenseMgr.h">
      <Filter>Header Files</Filter>
    </ClInclude>
    <ClInclude Include="listclasses.h">
      <Filter>Header Files</Filter>
    </ClInclude>
    <ClInclude Include="LogFns.h">
      <Filter>Header Files</Filter>
    </ClInclude>
    <ClInclude Include="MailStreamEngine.h">
      <Filter>Header Files</Filter>
    </ClInclude>
    <ClInclude Include="MailStreamLibrary.h">
      <Filter>Header Files</Filter>
    </ClInclude>
    <ClInclude Include="MessageIO.h">
      <Filter>Header Files</Filter>
    </ClInclude>
    <ClInclude Include="ODBCConn.h">
      <Filter>Header Files</Filter>
    </ClInclude>
    <ClInclude Include="ODBCQuery.h">
      <Filter>Header Files</Filter>
    </ClInclude>
    <ClInclude Include="PurgeFns.h">
      <Filter>Header Files</Filter>
    </ClInclude>
    <ClInclude Include="QueryClasses.h">
      <Filter>Header Files</Filter>
    </ClInclude>
    <ClInclude Include="RegistryFns.h">
      <Filter>Header Files</Filter>
    </ClInclude>
    <ClInclude Include="resource.h">
      <Filter>Header Files</Filter>
    </ClInclude>
    <ClInclude Include="SecurityFns.h">
      <Filter>Header Files</Filter>
    </ClInclude>
    <ClInclude Include="SerialFile.h">
      <Filter>Header Files</Filter>
    </ClInclude>
    <ClInclude Include="Serializable.h">
      <Filter>Header Files</Filter>
    </ClInclude>
    <ClInclude Include="SerializeException.h">
      <Filter>Header Files</Filter>
    </ClInclude>
    <ClInclude Include="Serializer.h">
      <Filter>Header Files</Filter>
    </ClInclude>
    <ClInclude Include="SerInboundMessage.h">
      <Filter>Header Files</Filter>
    </ClInclude>
    <ClInclude Include="SerInboundMessageAttachment.h">
      <Filter>Header Files</Filter>
    </ClInclude>
    <ClInclude Include="SerOutboundMessage.h">
      <Filter>Header Files</Filter>
    </ClInclude>
    <ClInclude Include="SerOutboundMessageAttachment.h">
      <Filter>Header Files</Filter>
    </ClInclude>
    <ClInclude Include="SingleCrit.h">
      <Filter>Header Files</Filter>
    </ClInclude>
    <ClInclude Include="stdafx.h">
      <Filter>Header Files</Filter>
    </ClInclude>
    <ClInclude Include="StringFns.h">
      <Filter>Header Files</Filter>
    </ClInclude>
    <ClInclude Include="TicketBoxViewFns.h">
      <Filter>Header Files</Filter>
    </ClInclude>
    <ClInclude Include="TicketHistoryFns.h">
      <Filter>Header Files</Filter>
    </ClInclude>
    <ClInclude Include="Trace.h">
      <Filter>Header Files</Filter>
    </ClInclude>
    <ClInclude Include="VariantArray.h">
      <Filter>Header Files</Filter>
    </ClInclude>
    <ClInclude Include="WinRegistry.h">
      <Filter>Header Files</Filter>
    </ClInclude>
    <ClInclude Include="zipper.h">
      <Filter>Header Files</Filter>
    </ClInclude>
  </ItemGroup>
</Project>