<?xml version="1.0" encoding="utf-8"?>
<Project ToolsVersion="4.0" xmlns="http://schemas.microsoft.com/developer/msbuild/2003">
  <ItemGroup>
    <Filter Include="Source Files">
      <UniqueIdentifier>{4FC737F1-C7A5-4376-A066-2A32D752A2FF}</UniqueIdentifier>
      <Extensions>cpp;c;cxx;def;odl;idl;hpj;bat;asm;asmx</Extensions>
    </Filter>
    <Filter Include="Header Files">
      <UniqueIdentifier>{93995380-89BD-4b04-88EB-625FBE52EBFB}</UniqueIdentifier>
      <Extensions>h;hpp;hxx;hm;inl;inc;xsd</Extensions>
    </Filter>
    <Filter Include="Resource Files">
      <UniqueIdentifier>{67DA6AB6-F800-4c08-8B7A-83BB121AAD01}</UniqueIdentifier>
      <Extensions>rc;ico;cur;bmp;dlg;rc2;rct;bin;rgs;gif;jpg;jpeg;jpe;resx</Extensions>
    </Filter>
    <Filter Include="Library Files">
      <UniqueIdentifier>{df2d9631-abf8-4dc4-95bc-e745c5c3aac8}</UniqueIdentifier>
    </Filter>
    <Filter Include="Definition Files">
      <UniqueIdentifier>{6059dee8-2147-490d-a9ae-c5e95c01d1f4}</UniqueIdentifier>
    </Filter>
  </ItemGroup>
  <ItemGroup>
    <ClCompile Include="AboutPage.cpp">
      <Filter>Source Files</Filter>
    </ClCompile>
    <ClCompile Include="AccessControl.cpp">
      <Filter>Source Files</Filter>
    </ClCompile>
    <ClCompile Include="ACLPage.cpp">
      <Filter>Source Files</Filter>
    </ClCompile>
    <ClCompile Include="AgeAlerts.cpp">
      <Filter>Source Files</Filter>
    </ClCompile>
    <ClCompile Include="AgentAudit.cpp">
      <Filter>Source Files</Filter>
    </ClCompile>
    <ClCompile Include="Agents.cpp">
      <Filter>Source Files</Filter>
    </ClCompile>
    <ClCompile Include="Alert.cpp">
      <Filter>Source Files</Filter>
    </ClCompile>
    <ClCompile Include="AlertConfig.cpp">
      <Filter>Source Files</Filter>
    </ClCompile>
    <ClCompile Include="AlertList.cpp">
      <Filter>Source Files</Filter>
    </ClCompile>
    <ClCompile Include="Attachment.cpp">
      <Filter>Source Files</Filter>
    </ClCompile>
    <ClCompile Include="Authenticate.cpp">
      <Filter>Source Files</Filter>
    </ClCompile>
    <ClCompile Include="AutoMessages.cpp">
      <Filter>Source Files</Filter>
    </ClCompile>
    <ClCompile Include="AutoResponses.cpp">
      <Filter>Source Files</Filter>
    </ClCompile>
    <ClCompile Include="CacheClasses.cpp">
      <Filter>Source Files</Filter>
    </ClCompile>
    <ClCompile Include="ChangeTicket.cpp">
      <Filter>Source Files</Filter>
    </ClCompile>
    <ClCompile Include="Client.cpp">
      <Filter>Source Files</Filter>
    </ClCompile>
    <ClCompile Include="ClientSoft.cpp">
      <Filter>Source Files</Filter>
    </ClCompile>
    <ClCompile Include="Columns.cpp">
      <Filter>Source Files</Filter>
    </ClCompile>
    <ClCompile Include="ContactDetails.cpp">
      <Filter>Source Files</Filter>
    </ClCompile>
    <ClCompile Include="ContactGroups.cpp">
      <Filter>Source Files</Filter>
    </ClCompile>
    <ClCompile Include="ContactHistory.cpp">
      <Filter>Source Files</Filter>
    </ClCompile>
    <ClCompile Include="ContactNotes.cpp">
      <Filter>Source Files</Filter>
    </ClCompile>
    <ClCompile Include="ContactSearch.cpp">
      <Filter>Source Files</Filter>
    </ClCompile>
    <ClCompile Include="CustomDictionary.cpp">
      <Filter>Source Files</Filter>
    </ClCompile>
    <ClCompile Include="CustomSettings.cpp">
      <Filter>Source Files</Filter>
    </ClCompile>
    <ClCompile Include="CustomTicketBoxViews.cpp">
      <Filter>Source Files</Filter>
    </ClCompile>
    <ClCompile Include="DateFilters.cpp">
      <Filter>Source Files</Filter>
    </ClCompile>
    <ClCompile Include="DBMaintenance.cpp">
      <Filter>Source Files</Filter>
    </ClCompile>
    <ClCompile Include="Demo.cpp">
      <Filter>Source Files</Filter>
    </ClCompile>
    <ClCompile Include="Download.cpp">
      <Filter>Source Files</Filter>
    </ClCompile>
    <ClCompile Include="Download3cxPlugin.cpp">
      <Filter>Source Files</Filter>
    </ClCompile>
    <ClCompile Include="DownloadAcrobat.cpp">
      <Filter>Source Files</Filter>
    </ClCompile>
    <ClCompile Include="DownloadSVG.cpp">
      <Filter>Source Files</Filter>
    </ClCompile>
    <ClCompile Include="EMSIsapi.cpp">
      <Filter>Source Files</Filter>
    </ClCompile>
    <ClCompile Include="EngineMonitor.cpp">
      <Filter>Source Files</Filter>
    </ClCompile>
    <ClCompile Include="FileMap.cpp">
      <Filter>Source Files</Filter>
    </ClCompile>
    <ClCompile Include="FormDump.cpp">
      <Filter>Source Files</Filter>
    </ClCompile>
    <ClCompile Include="Groups.cpp">
      <Filter>Source Files</Filter>
    </ClCompile>
    <ClCompile Include="HelpFrame.cpp">
      <Filter>Source Files</Filter>
    </ClCompile>
    <ClCompile Include="InboundMessage.cpp">
      <Filter>Source Files</Filter>
    </ClCompile>
    <ClCompile Include="IPRanges.cpp">
      <Filter>Source Files</Filter>
    </ClCompile>
    <ClCompile Include="ISAPIData.cpp">
      <Filter>Source Files</Filter>
    </ClCompile>
    <ClCompile Include="ISAPIThread.cpp">
      <Filter>Source Files</Filter>
    </ClCompile>
    <ClCompile Include="JobQueue.cpp">
      <Filter>Source Files</Filter>
    </ClCompile>
    <ClCompile Include="LogConfig.cpp">
      <Filter>Source Files</Filter>
    </ClCompile>
    <ClCompile Include="Logout.cpp">
      <Filter>Source Files</Filter>
    </ClCompile>
    <ClCompile Include="MailFlowServer.cpp">
      <Filter>Source Files</Filter>
    </ClCompile>
    <ClCompile Include="MainFrame.cpp">
      <Filter>Source Files</Filter>
    </ClCompile>
    <ClCompile Include="MarkupSTL.cpp">
      <Filter>Source Files</Filter>
    </ClCompile>
    <ClCompile Include="MessageDestinations.cpp">
      <Filter>Source Files</Filter>
    </ClCompile>
    <ClCompile Include="MessageList.cpp">
      <Filter>Source Files</Filter>
    </ClCompile>
    <ClCompile Include="MessageSources.cpp">
      <Filter>Source Files</Filter>
    </ClCompile>
    <ClCompile Include="MsgAttach.cpp">
      <Filter>Source Files</Filter>
    </ClCompile>
    <ClCompile Include="MsgComp.cpp">
      <Filter>Source Files</Filter>
    </ClCompile>
    <ClCompile Include="MsgCompAttach.cpp">
      <Filter>Source Files</Filter>
    </ClCompile>
    <ClCompile Include="MultipleContacts.cpp">
      <Filter>Source Files</Filter>
    </ClCompile>
    <ClCompile Include="MyAlerts.cpp">
      <Filter>Source Files</Filter>
    </ClCompile>
    <ClCompile Include="MyContacts.cpp">
      <Filter>Source Files</Filter>
    </ClCompile>
    <ClCompile Include="NewTicket.cpp">
      <Filter>Source Files</Filter>
    </ClCompile>
    <ClCompile Include="NoteAttach.cpp">
      <Filter>Source Files</Filter>
    </ClCompile>
    <ClCompile Include="OfficeHours.cpp">
      <Filter>Source Files</Filter>
    </ClCompile>
    <ClCompile Include="OutboundMessage.cpp">
      <Filter>Source Files</Filter>
    </ClCompile>
    <ClCompile Include="PagedList.cpp">
      <Filter>Source Files</Filter>
    </ClCompile>
    <ClCompile Include="PersonalDataTypes.cpp">
      <Filter>Source Files</Filter>
    </ClCompile>
    <ClCompile Include="PreferenceAgents.cpp">
      <Filter>Source Files</Filter>
    </ClCompile>
    <ClCompile Include="PreferenceTicketboxes.cpp">
      <Filter>Source Files</Filter>
    </ClCompile>
    <ClCompile Include="ProcessingRules.cpp">
      <Filter>Source Files</Filter>
    </ClCompile>
    <ClCompile Include="QuarantinePage.cpp">
      <Filter>Source Files</Filter>
    </ClCompile>
    <ClCompile Include="RegExTest.cpp">
      <Filter>Source Files</Filter>
    </ClCompile>
    <ClCompile Include="Registration.cpp">
      <Filter>Source Files</Filter>
    </ClCompile>
    <ClCompile Include="ReportBusy.cpp">
      <Filter>Source Files</Filter>
    </ClCompile>
    <ClCompile Include="ReportCompareInbound.cpp">
      <Filter>Source Files</Filter>
    </ClCompile>
    <ClCompile Include="ReportHistory.cpp">
      <Filter>Source Files</Filter>
    </ClCompile>
    <ClCompile Include="ReportInboundMsgs.cpp">
      <Filter>Source Files</Filter>
    </ClCompile>
    <ClCompile Include="ReportOpenTicketAge.cpp">
      <Filter>Source Files</Filter>
    </ClCompile>
    <ClCompile Include="ReportOpenTickets.cpp">
      <Filter>Source Files</Filter>
    </ClCompile>
    <ClCompile Include="ReportOutboundMsgs.cpp">
      <Filter>Source Files</Filter>
    </ClCompile>
    <ClCompile Include="ReportResolveTime.cpp">
      <Filter>Source Files</Filter>
    </ClCompile>
    <ClCompile Include="ReportRespTime.cpp">
      <Filter>Source Files</Filter>
    </ClCompile>
    <ClCompile Include="Reports.cpp">
      <Filter>Source Files</Filter>
    </ClCompile>
    <ClCompile Include="ReportStdResp.cpp">
      <Filter>Source Files</Filter>
    </ClCompile>
    <ClCompile Include="ReportStdRespUsage.cpp">
      <Filter>Source Files</Filter>
    </ClCompile>
    <ClCompile Include="ReportSysConfig.cpp">
      <Filter>Source Files</Filter>
    </ClCompile>
    <ClCompile Include="ReportTicketBoxDetails.cpp">
      <Filter>Source Files</Filter>
    </ClCompile>
    <ClCompile Include="ReportTicketCountSum.cpp">
      <Filter>Source Files</Filter>
    </ClCompile>
    <ClCompile Include="ReportTicketDisp.cpp">
      <Filter>Source Files</Filter>
    </ClCompile>
    <ClCompile Include="ReportTicketDist.cpp">
      <Filter>Source Files</Filter>
    </ClCompile>
    <ClCompile Include="RoutingEngine.cpp">
      <Filter>Source Files</Filter>
    </ClCompile>
    <ClCompile Include="RoutingRules.cpp">
      <Filter>Source Files</Filter>
    </ClCompile>
    <ClCompile Include="ScheduleReport.cpp">
      <Filter>Source Files</Filter>
    </ClCompile>
    <ClCompile Include="SecuritySettings.cpp">
      <Filter>Source Files</Filter>
    </ClCompile>
    <ClCompile Include="Servers.cpp">
      <Filter>Source Files</Filter>
    </ClCompile>
    <ClCompile Include="SessionInfo.cpp">
      <Filter>Source Files</Filter>
    </ClCompile>
    <ClCompile Include="SessionMap.cpp">
      <Filter>Source Files</Filter>
    </ClCompile>
    <ClCompile Include="SessionMonitor.cpp">
      <Filter>Source Files</Filter>
    </ClCompile>
    <ClCompile Include="SharedObjects.cpp">
      <Filter>Source Files</Filter>
    </ClCompile>
    <ClCompile Include="Signatures.cpp">
      <Filter>Source Files</Filter>
    </ClCompile>
    <ClCompile Include="socket.cpp">
      <Filter>Source Files</Filter>
    </ClCompile>
    <ClCompile Include="SpellCheck.cpp">
      <Filter>Source Files</Filter>
    </ClCompile>
    <ClCompile Include="StdAfx.cpp">
      <Filter>Source Files</Filter>
    </ClCompile>
    <ClCompile Include="StdRespCategories.cpp">
      <Filter>Source Files</Filter>
    </ClCompile>
    <ClCompile Include="StdResponse.cpp">
      <Filter>Source Files</Filter>
    </ClCompile>
    <ClCompile Include="SystemEmailAddress.cpp">
      <Filter>Source Files</Filter>
    </ClCompile>
    <ClCompile Include="TBVInfo.cpp">
      <Filter>Source Files</Filter>
    </ClCompile>
    <ClCompile Include="TestLogin.cpp">
      <Filter>Source Files</Filter>
    </ClCompile>
    <ClCompile Include="Thread.cpp">
      <Filter>Source Files</Filter>
    </ClCompile>
    <ClCompile Include="ThreadPool.cpp">
      <Filter>Source Files</Filter>
    </ClCompile>
    <ClCompile Include="Ticket.cpp">
      <Filter>Source Files</Filter>
    </ClCompile>
    <ClCompile Include="TicketActions.cpp">
      <Filter>Source Files</Filter>
    </ClCompile>
    <ClCompile Include="TicketBox.cpp">
      <Filter>Source Files</Filter>
    </ClCompile>
    <ClCompile Include="TicketBoxFooters.cpp">
      <Filter>Source Files</Filter>
    </ClCompile>
    <ClCompile Include="TicketBoxHeaders.cpp">
      <Filter>Source Files</Filter>
    </ClCompile>
    <ClCompile Include="TicketBoxOwners.cpp">
      <Filter>Source Files</Filter>
    </ClCompile>
    <ClCompile Include="TicketBoxView.cpp">
      <Filter>Source Files</Filter>
    </ClCompile>
    <ClCompile Include="TicketCategories.cpp">
      <Filter>Source Files</Filter>
    </ClCompile>
    <ClCompile Include="TicketFields.cpp">
      <Filter>Source Files</Filter>
    </ClCompile>
    <ClCompile Include="TicketHistory.cpp">
      <Filter>Source Files</Filter>
    </ClCompile>
    <ClCompile Include="TicketLinks.cpp">
      <Filter>Source Files</Filter>
    </ClCompile>
    <ClCompile Include="TicketList.cpp">
      <Filter>Source Files</Filter>
    </ClCompile>
    <ClCompile Include="TicketNotes.cpp">
      <Filter>Source Files</Filter>
    </ClCompile>
    <ClCompile Include="TicketPrint.cpp">
      <Filter>Source Files</Filter>
    </ClCompile>
    <ClCompile Include="TicketProperties.cpp">
      <Filter>Source Files</Filter>
    </ClCompile>
    <ClCompile Include="TicketSearch.cpp">
      <Filter>Source Files</Filter>
    </ClCompile>
    <ClCompile Include="Trash.cpp">
      <Filter>Source Files</Filter>
    </ClCompile>
    <ClCompile Include="UnlockTicketPage.cpp">
      <Filter>Source Files</Filter>
    </ClCompile>
    <ClCompile Include="unsub.cpp">
      <Filter>Source Files</Filter>
    </ClCompile>
    <ClCompile Include="UploadMap.cpp">
      <Filter>Source Files</Filter>
    </ClCompile>
    <ClCompile Include="UploadProgress.cpp">
      <Filter>Source Files</Filter>
    </ClCompile>
    <ClCompile Include="URLDecoder.cpp">
      <Filter>Source Files</Filter>
    </ClCompile>
    <ClCompile Include="URLMap.cpp">
      <Filter>Source Files</Filter>
    </ClCompile>
    <ClCompile Include="ViewMsg.cpp">
      <Filter>Source Files</Filter>
    </ClCompile>
    <ClCompile Include="ViewResults.cpp">
      <Filter>Source Files</Filter>
    </ClCompile>
    <ClCompile Include="VirusConfig.cpp">
      <Filter>Source Files</Filter>
    </ClCompile>
    <ClCompile Include="VMSIntegration.cpp">
      <Filter>Source Files</Filter>
    </ClCompile>
    <ClCompile Include="VoipCall.cpp">
      <Filter>Source Files</Filter>
    </ClCompile>
    <ClCompile Include="VoipConfig.cpp">
      <Filter>Source Files</Filter>
    </ClCompile>
    <ClCompile Include="VoipDialingCodes.cpp">
      <Filter>Source Files</Filter>
    </ClCompile>
    <ClCompile Include="VoipExtensions.cpp">
      <Filter>Source Files</Filter>
    </ClCompile>
    <ClCompile Include="VoipServers.cpp">
      <Filter>Source Files</Filter>
    </ClCompile>
    <ClCompile Include="WmAlerts.cpp">
      <Filter>Source Files</Filter>
    </ClCompile>
    <ClCompile Include="WorkerThread.cpp">
      <Filter>Source Files</Filter>
    </ClCompile>
    <ClCompile Include="XMLCache.cpp">
      <Filter>Source Files</Filter>
    </ClCompile>
    <ClCompile Include="XMLDataClass.cpp">
      <Filter>Source Files</Filter>
    </ClCompile>
    <ClCompile Include="XSLTranslator.cpp">
      <Filter>Source Files</Filter>
    </ClCompile>
  </ItemGroup>
  <ItemGroup>
    <ClInclude Include="AboutPage.h">
      <Filter>Header Files</Filter>
    </ClInclude>
    <ClInclude Include="AccessControl.h">
      <Filter>Header Files</Filter>
    </ClInclude>
    <ClInclude Include="ACLPage.h">
      <Filter>Header Files</Filter>
    </ClInclude>
    <ClInclude Include="AgeAlerts.h">
      <Filter>Header Files</Filter>
    </ClInclude>
    <ClInclude Include="AgentAudit.h">
      <Filter>Header Files</Filter>
    </ClInclude>
    <ClInclude Include="Agents.h">
      <Filter>Header Files</Filter>
    </ClInclude>
    <ClInclude Include="Alert.h">
      <Filter>Header Files</Filter>
    </ClInclude>
    <ClInclude Include="AlertConfig.h">
      <Filter>Header Files</Filter>
    </ClInclude>
    <ClInclude Include="AlertList.h">
      <Filter>Header Files</Filter>
    </ClInclude>
    <ClInclude Include="Attachment.h">
      <Filter>Header Files</Filter>
    </ClInclude>
    <ClInclude Include="Authenticate.h">
      <Filter>Header Files</Filter>
    </ClInclude>
    <ClInclude Include="AutoMessages.h">
      <Filter>Header Files</Filter>
    </ClInclude>
    <ClInclude Include="AutoResponses.h">
      <Filter>Header Files</Filter>
    </ClInclude>
    <ClInclude Include="CacheClasses.h">
      <Filter>Header Files</Filter>
    </ClInclude>
    <ClInclude Include="CacheTemplates.h">
      <Filter>Header Files</Filter>
    </ClInclude>
    <ClInclude Include="ChangeTicket.h">
      <Filter>Header Files</Filter>
    </ClInclude>
    <ClInclude Include="Client.h">
      <Filter>Header Files</Filter>
    </ClInclude>
    <ClInclude Include="ClientSoft.h">
      <Filter>Header Files</Filter>
    </ClInclude>
    <ClInclude Include="Columns.h">
      <Filter>Header Files</Filter>
    </ClInclude>
    <ClInclude Include="ContactDetails.h">
      <Filter>Header Files</Filter>
    </ClInclude>
    <ClInclude Include="ContactGroups.h">
      <Filter>Header Files</Filter>
    </ClInclude>
    <ClInclude Include="ContactHistory.h">
      <Filter>Header Files</Filter>
    </ClInclude>
    <ClInclude Include="ContactNotes.h">
      <Filter>Header Files</Filter>
    </ClInclude>
    <ClInclude Include="ContactSearch.h">
      <Filter>Header Files</Filter>
    </ClInclude>
    <ClInclude Include="CustomDictionary.h">
      <Filter>Header Files</Filter>
    </ClInclude>
    <ClInclude Include="CustomSettings.h">
      <Filter>Header Files</Filter>
    </ClInclude>
    <ClInclude Include="CustomTicketBoxViews.h">
      <Filter>Header Files</Filter>
    </ClInclude>
    <ClInclude Include="DateFilters.h">
      <Filter>Header Files</Filter>
    </ClInclude>
    <ClInclude Include="DBMaintenance.h">
      <Filter>Header Files</Filter>
    </ClInclude>
    <ClInclude Include="decode_2047.h">
      <Filter>Header Files</Filter>
    </ClInclude>
    <ClInclude Include="Demo.h">
      <Filter>Header Files</Filter>
    </ClInclude>
    <ClInclude Include="Download.h">
      <Filter>Header Files</Filter>
    </ClInclude>
    <ClInclude Include="Download3cxPlugin.h">
      <Filter>Header Files</Filter>
    </ClInclude>
    <ClInclude Include="DownloadAcrobat.h">
      <Filter>Header Files</Filter>
    </ClInclude>
    <ClInclude Include="DownloadSVG.h">
      <Filter>Header Files</Filter>
    </ClInclude>
    <ClInclude Include="EngineMonitor.h">
      <Filter>Header Files</Filter>
    </ClInclude>
    <ClInclude Include="FileMap.h">
      <Filter>Header Files</Filter>
    </ClInclude>
    <ClInclude Include="FormDump.h">
      <Filter>Header Files</Filter>
    </ClInclude>
    <ClInclude Include="Groups.h">
      <Filter>Header Files</Filter>
    </ClInclude>
    <ClInclude Include="HelpFrame.h">
      <Filter>Header Files</Filter>
    </ClInclude>
    <ClInclude Include="InboundMessage.h">
      <Filter>Header Files</Filter>
    </ClInclude>
    <ClInclude Include="IPRanges.h">
      <Filter>Header Files</Filter>
    </ClInclude>
    <ClInclude Include="ISAPIData.h">
      <Filter>Header Files</Filter>
    </ClInclude>
    <ClInclude Include="ISAPIThread.h">
      <Filter>Header Files</Filter>
    </ClInclude>
    <ClInclude Include="JobQueue.h">
      <Filter>Header Files</Filter>
    </ClInclude>
    <ClInclude Include="LogConfig.h">
      <Filter>Header Files</Filter>
    </ClInclude>
    <ClInclude Include="Logout.h">
      <Filter>Header Files</Filter>
    </ClInclude>
    <ClInclude Include="MailFlowServer.h">
      <Filter>Header Files</Filter>
    </ClInclude>
    <ClInclude Include="MainFrame.h">
      <Filter>Header Files</Filter>
    </ClInclude>
    <ClInclude Include="MarkupSTL.h">
      <Filter>Header Files</Filter>
    </ClInclude>
    <ClInclude Include="MessageDestinations.h">
      <Filter>Header Files</Filter>
    </ClInclude>
    <ClInclude Include="MessageList.h">
      <Filter>Header Files</Filter>
    </ClInclude>
    <ClInclude Include="MessageSources.h">
      <Filter>Header Files</Filter>
    </ClInclude>
    <ClInclude Include="MsgAttach.h">
      <Filter>Header Files</Filter>
    </ClInclude>
    <ClInclude Include="MsgComp.h">
      <Filter>Header Files</Filter>
    </ClInclude>
    <ClInclude Include="MsgCompAttach.h">
      <Filter>Header Files</Filter>
    </ClInclude>
    <ClInclude Include="MultipleContacts.h">
      <Filter>Header Files</Filter>
    </ClInclude>
    <ClInclude Include="MyAlerts.h">
      <Filter>Header Files</Filter>
    </ClInclude>
    <ClInclude Include="MyContacts.h">
      <Filter>Header Files</Filter>
    </ClInclude>
    <ClInclude Include="NewTicket.h">
      <Filter>Header Files</Filter>
    </ClInclude>
    <ClInclude Include="NoteAttach.h">
      <Filter>Header Files</Filter>
    </ClInclude>
    <ClInclude Include="OfficeHours.h">
      <Filter>Header Files</Filter>
    </ClInclude>
    <ClInclude Include="OutboundMessage.h">
      <Filter>Header Files</Filter>
    </ClInclude>
    <ClInclude Include="PagedList.h">
      <Filter>Header Files</Filter>
    </ClInclude>
    <ClInclude Include="PersonalDataTypes.h">
      <Filter>Header Files</Filter>
    </ClInclude>
    <ClInclude Include="PreferenceAgents.h">
      <Filter>Header Files</Filter>
    </ClInclude>
    <ClInclude Include="PreferenceTicketboxes.h">
      <Filter>Header Files</Filter>
    </ClInclude>
    <ClInclude Include="ProcessingRules.h">
      <Filter>Header Files</Filter>
    </ClInclude>
    <ClInclude Include="QuarantinePage.h">
      <Filter>Header Files</Filter>
    </ClInclude>
    <ClInclude Include="RegExTest.h">
      <Filter>Header Files</Filter>
    </ClInclude>
    <ClInclude Include="Registration.h">
      <Filter>Header Files</Filter>
    </ClInclude>
    <ClInclude Include="ReportBusy.h">
      <Filter>Header Files</Filter>
    </ClInclude>
    <ClInclude Include="ReportCompareInbound.h">
      <Filter>Header Files</Filter>
    </ClInclude>
    <ClInclude Include="ReportHistory.h">
      <Filter>Header Files</Filter>
    </ClInclude>
    <ClInclude Include="ReportInboundMsgs.h">
      <Filter>Header Files</Filter>
    </ClInclude>
    <ClInclude Include="ReportOpenTicketAge.h">
      <Filter>Header Files</Filter>
    </ClInclude>
    <ClInclude Include="ReportOpenTickets.h">
      <Filter>Header Files</Filter>
    </ClInclude>
    <ClInclude Include="ReportOutboundMsgs.h">
      <Filter>Header Files</Filter>
    </ClInclude>
    <ClInclude Include="ReportResolveTime.h">
      <Filter>Header Files</Filter>
    </ClInclude>
    <ClInclude Include="ReportRespTime.h">
      <Filter>Header Files</Filter>
    </ClInclude>
    <ClInclude Include="Reports.h">
      <Filter>Header Files</Filter>
    </ClInclude>
    <ClInclude Include="ReportStdResp.h">
      <Filter>Header Files</Filter>
    </ClInclude>
    <ClInclude Include="ReportStdRespUsage.h">
      <Filter>Header Files</Filter>
    </ClInclude>
    <ClInclude Include="ReportSysConfig.h">
      <Filter>Header Files</Filter>
    </ClInclude>
    <ClInclude Include="ReportTicketBoxDetails.h">
      <Filter>Header Files</Filter>
    </ClInclude>
    <ClInclude Include="ReportTicketCountSum.h">
      <Filter>Header Files</Filter>
    </ClInclude>
    <ClInclude Include="ReportTicketDisp.h">
      <Filter>Header Files</Filter>
    </ClInclude>
    <ClInclude Include="ReportTicketDist.h">
      <Filter>Header Files</Filter>
    </ClInclude>
    <ClInclude Include="resource.h">
      <Filter>Header Files</Filter>
    </ClInclude>
    <ClInclude Include="RoutingEngine.h">
      <Filter>Header Files</Filter>
    </ClInclude>
    <ClInclude Include="RoutingRules.h">
      <Filter>Header Files</Filter>
    </ClInclude>
    <ClInclude Include="ScheduleReport.h">
      <Filter>Header Files</Filter>
    </ClInclude>
    <ClInclude Include="SecuritySettings.h">
      <Filter>Header Files</Filter>
    </ClInclude>
    <ClInclude Include="Servers.h">
      <Filter>Header Files</Filter>
    </ClInclude>
    <ClInclude Include="SessionInfo.h">
      <Filter>Header Files</Filter>
    </ClInclude>
    <ClInclude Include="SessionMap.h">
      <Filter>Header Files</Filter>
    </ClInclude>
    <ClInclude Include="SessionMonitor.h">
      <Filter>Header Files</Filter>
    </ClInclude>
    <ClInclude Include="SharedObjects.h">
      <Filter>Header Files</Filter>
    </ClInclude>
    <ClInclude Include="Signatures.h">
      <Filter>Header Files</Filter>
    </ClInclude>
    <ClInclude Include="socket.h">
      <Filter>Header Files</Filter>
    </ClInclude>
    <ClInclude Include="SpellCheck.h">
      <Filter>Header Files</Filter>
    </ClInclude>
    <ClInclude Include="ssce.h">
      <Filter>Header Files</Filter>
    </ClInclude>
    <ClInclude Include="StdAfx.h">
      <Filter>Header Files</Filter>
    </ClInclude>
    <ClInclude Include="StdRespCategories.h">
      <Filter>Header Files</Filter>
    </ClInclude>
    <ClInclude Include="StdResponse.h">
      <Filter>Header Files</Filter>
    </ClInclude>
    <ClInclude Include="SystemEmailAddress.h">
      <Filter>Header Files</Filter>
    </ClInclude>
    <ClInclude Include="TBVInfo.h">
      <Filter>Header Files</Filter>
    </ClInclude>
    <ClInclude Include="TestLogin.h">
      <Filter>Header Files</Filter>
    </ClInclude>
    <ClInclude Include="Thread.h">
      <Filter>Header Files</Filter>
    </ClInclude>
    <ClInclude Include="ThreadPool.h">
      <Filter>Header Files</Filter>
    </ClInclude>
    <ClInclude Include="Ticket.h">
      <Filter>Header Files</Filter>
    </ClInclude>
    <ClInclude Include="TicketActions.h">
      <Filter>Header Files</Filter>
    </ClInclude>
    <ClInclude Include="TicketBox.h">
      <Filter>Header Files</Filter>
    </ClInclude>
    <ClInclude Include="TicketBoxFooters.h">
      <Filter>Header Files</Filter>
    </ClInclude>
    <ClInclude Include="TicketBoxHeaders.h">
      <Filter>Header Files</Filter>
    </ClInclude>
    <ClInclude Include="TicketBoxOwners.h">
      <Filter>Header Files</Filter>
    </ClInclude>
    <ClInclude Include="TicketBoxView.h">
      <Filter>Header Files</Filter>
    </ClInclude>
    <ClInclude Include="TicketCategories.h">
      <Filter>Header Files</Filter>
    </ClInclude>
    <ClInclude Include="TicketFields.h">
      <Filter>Header Files</Filter>
    </ClInclude>
    <ClInclude Include="TicketHistory.h">
      <Filter>Header Files</Filter>
    </ClInclude>
    <ClInclude Include="TicketLinks.h">
      <Filter>Header Files</Filter>
    </ClInclude>
    <ClInclude Include="TicketList.h">
      <Filter>Header Files</Filter>
    </ClInclude>
    <ClInclude Include="TicketNotes.h">
      <Filter>Header Files</Filter>
    </ClInclude>
    <ClInclude Include="TicketPrint.h">
      <Filter>Header Files</Filter>
    </ClInclude>
    <ClInclude Include="TicketProperties.h">
      <Filter>Header Files</Filter>
    </ClInclude>
    <ClInclude Include="TicketSearch.h">
      <Filter>Header Files</Filter>
    </ClInclude>
    <ClInclude Include="Trash.h">
      <Filter>Header Files</Filter>
    </ClInclude>
    <ClInclude Include="UnlockTicketPage.h">
      <Filter>Header Files</Filter>
    </ClInclude>
    <ClInclude Include="unsub.h">
      <Filter>Header Files</Filter>
    </ClInclude>
    <ClInclude Include="UploadMap.h">
      <Filter>Header Files</Filter>
    </ClInclude>
    <ClInclude Include="UploadProgress.h">
      <Filter>Header Files</Filter>
    </ClInclude>
    <ClInclude Include="URLDecoder.h">
      <Filter>Header Files</Filter>
    </ClInclude>
    <ClInclude Include="URLMap.h">
      <Filter>Header Files</Filter>
    </ClInclude>
    <ClInclude Include="ViewMsg.h">
      <Filter>Header Files</Filter>
    </ClInclude>
    <ClInclude Include="ViewResults.h">
      <Filter>Header Files</Filter>
    </ClInclude>
    <ClInclude Include="VirusConfig.h">
      <Filter>Header Files</Filter>
    </ClInclude>
    <ClInclude Include="VMSIntegration.h">
      <Filter>Header Files</Filter>
    </ClInclude>
    <ClInclude Include="VoipCall.h">
      <Filter>Header Files</Filter>
    </ClInclude>
    <ClInclude Include="VoipConfig.h">
      <Filter>Header Files</Filter>
    </ClInclude>
    <ClInclude Include="VoipDialingCodes.h">
      <Filter>Header Files</Filter>
    </ClInclude>
    <ClInclude Include="VoipExtensions.h">
      <Filter>Header Files</Filter>
    </ClInclude>
    <ClInclude Include="VoipServers.h">
      <Filter>Header Files</Filter>
    </ClInclude>
    <ClInclude Include="WmAlerts.h">
      <Filter>Header Files</Filter>
    </ClInclude>
    <ClInclude Include="WorkerThread.h">
      <Filter>Header Files</Filter>
    </ClInclude>
    <ClInclude Include="XMLCache.h">
      <Filter>Header Files</Filter>
    </ClInclude>
    <ClInclude Include="XMLDataClass.h">
      <Filter>Header Files</Filter>
    </ClInclude>
    <ClInclude Include="XSLTranslator.h">
      <Filter>Header Files</Filter>
    </ClInclude>
  </ItemGroup>
  <ItemGroup>
    <ResourceCompile Include="EMSIsapi.rc">
      <Filter>Resource Files</Filter>
    </ResourceCompile>
  </ItemGroup>
  <ItemGroup>
    <Library Include="SSCE5332.lib">
      <Filter>Library Files</Filter>
    </Library>
  </ItemGroup>
  <ItemGroup>
    <None Include="EMSIsapi.def">
      <Filter>Definition Files</Filter>
    </None>
  </ItemGroup>
</Project>